
Microsoft Visual Studio Solution File, Format Version 12.00
# Visual Studio Version 17
VisualStudioVersion = 17.6.33723.286
MinimumVisualStudioVersion = 10.0.40219.1
Project("{FAE04EC0-301F-11D3-BF4B-00C04F79EFBC}") = "E-Hospital", "E-Hospital\E-Hospital.csproj", "{1E076B41-9831-4CFF-999A-DCAF9963C4A8}"
EndProject
Global
	GlobalSection(SolutionConfigurationPlatforms) = preSolution
		Debug|Any CPU = Debug|Any CPU
		Release|Any CPU = Release|Any CPU
	EndGlobalSection
	GlobalSection(ProjectConfigurationPlatforms) = postSolution
		{1E076B41-9831-4CFF-999A-DCAF9963C4A8}.Debug|Any CPU.ActiveCfg = Debug|Any CPU
		{1E076B41-9831-4CFF-999A-DCAF9963C4A8}.Debug|Any CPU.Build.0 = Debug|Any CPU
		{1E076B41-9831-4CFF-999A-DCAF9963C4A8}.Release|Any CPU.ActiveCfg = Release|Any CPU
		{1E076B41-9831-4CFF-999A-DCAF9963C4A8}.Release|Any CPU.Build.0 = Release|Any CPU
	EndGlobalSection
	GlobalSection(SolutionProperties) = preSolution
		HideSolutionNode = FALSE
	EndGlobalSection
	GlobalSection(ExtensibilityGlobals) = postSolution
		SolutionGuid = {580F221D-F260-494B-BEE2-0E524E6B7710}
	EndGlobalSection
EndGlobal
